# THIS IS AN AUTOGENERATED FILE. DO NOT EDIT THIS FILE DIRECTLY.
# yarn lockfile v1


"@types/node@^10.12.18":
  version "10.12.18"
  resolved "https://registry.yarnpkg.com/@types/node/-/node-10.12.18.tgz#1d3ca764718915584fcd9f6344621b7672665c67"
  integrity sha512-fh+pAqt4xRzPfqA6eh3Z2y6fyZavRIumvjhaCL753+TVkGKGhpPeyrJG2JftD0T9q4GF00KjefsQ+PQNDdWQaQ==

"@types/prettier@^1.15.2":
  version "1.15.2"
  resolved "https://registry.yarnpkg.com/@types/prettier/-/prettier-1.15.2.tgz#91594ea7cb6f3b1f7ea69f32621246654c7cc231"
  integrity sha512-XIB0ZCaFZmWUHAa9dBqP5UKXXHwuukmVlP+XcyU94dui2k+l2lG+CHAbt2ffenHPUqoIs5Beh8Pdf2YEq/CZ7A==

prettier@^1.15.3:
  version "1.15.3"
  resolved "https://registry.yarnpkg.com/prettier/-/prettier-1.15.3.tgz#1feaac5bdd181237b54dbe65d874e02a1472786a"
  integrity sha512-gAU9AGAPMaKb3NNSUUuhhFAS7SCO4ALTN4nRIn6PJ075Qd28Yn2Ig2ahEJWdJwJmlEBTUfC7mMUSFy8MwsOCfg==

typescript@^3.2.2:
  version "3.2.2"
  resolved "https://registry.yarnpkg.com/typescript/-/typescript-3.2.2.tgz#fe8101c46aa123f8353523ebdcf5730c2ae493e5"
  integrity sha512-VCj5UiSyHBjwfYacmDuc/NOk4QQixbE+Wn7MFJuS0nRuPQbof132Pw4u53dm264O8LPc2MVsc7RJNml5szurkg==
